
Microsoft Visual Studio Solution File, Format Version 12.00
# Visual Studio Version 16
VisualStudioVersion = 16.0.29306.81
MinimumVisualStudioVersion = 10.0.40219.1
Project("{9A19103F-16F7-4668-BE54-9A1E7A4F7556}") = "EcoEye", "EcoEye\EcoEye.csproj", "{ECF3F49A-9C78-4A39-A496-22F6835521A5}"
EndProject
Project("{FAE04EC0-301F-11D3-BF4B-00C04F79EFBC}") = "EcoEye.Service", "EcoEye.Service\EcoEye.Service.csproj", "{BD7A85D2-7666-413B-A5C8-479E905252AB}"
EndProject
Project("{FAE04EC0-301F-11D3-BF4B-00C04F79EFBC}") = "EcoEye.DTO", "EcoEye.DTO\EcoEye.DTO.csproj", "{BBD7934A-E230-433D-AC35-4CF86BF36A9A}"
EndProject
Global
	GlobalSection(SolutionConfigurationPlatforms) = preSolution
		Debug|Any CPU = Debug|Any CPU
		Release|Any CPU = Release|Any CPU
	EndGlobalSection
	GlobalSection(ProjectConfigurationPlatforms) = postSolution
		{ECF3F49A-9C78-4A39-A496-22F6835521A5}.Debug|Any CPU.ActiveCfg = Debug|Any CPU
		{ECF3F49A-9C78-4A39-A496-22F6835521A5}.Debug|Any CPU.Build.0 = Debug|Any CPU
		{ECF3F49A-9C78-4A39-A496-22F6835521A5}.Release|Any CPU.ActiveCfg = Release|Any CPU
		{ECF3F49A-9C78-4A39-A496-22F6835521A5}.Release|Any CPU.Build.0 = Release|Any CPU
		{BD7A85D2-7666-413B-A5C8-479E905252AB}.Debug|Any CPU.ActiveCfg = Debug|Any CPU
		{BD7A85D2-7666-413B-A5C8-479E905252AB}.Debug|Any CPU.Build.0 = Debug|Any CPU
		{BD7A85D2-7666-413B-A5C8-479E905252AB}.Release|Any CPU.ActiveCfg = Release|Any CPU
		{BD7A85D2-7666-413B-A5C8-479E905252AB}.Release|Any CPU.Build.0 = Release|Any CPU
		{BBD7934A-E230-433D-AC35-4CF86BF36A9A}.Debug|Any CPU.ActiveCfg = Debug|Any CPU
		{BBD7934A-E230-433D-AC35-4CF86BF36A9A}.Debug|Any CPU.Build.0 = Debug|Any CPU
		{BBD7934A-E230-433D-AC35-4CF86BF36A9A}.Release|Any CPU.ActiveCfg = Release|Any CPU
		{BBD7934A-E230-433D-AC35-4CF86BF36A9A}.Release|Any CPU.Build.0 = Release|Any CPU
	EndGlobalSection
	GlobalSection(SolutionProperties) = preSolution
		HideSolutionNode = FALSE
	EndGlobalSection
	GlobalSection(ExtensibilityGlobals) = postSolution
		SolutionGuid = {8C96CE4E-7EB6-40CD-A2E2-A14A54B4C54A}
	EndGlobalSection
EndGlobal
